
Microsoft Visual Studio Solution File, Format Version 12.00
# Visual Studio 14
VisualStudioVersion = 14.0.25420.1
MinimumVisualStudioVersion = 10.0.40219.1
Project("{FAE04EC0-301F-11D3-BF4B-00C04F79EFBC}") = "LocationTracker.Droid", "LocationTracker.Droid\LocationTracker.Droid.csproj", "{EB31A099-3DC7-48D1-9658-781FF39060C0}"
EndProject
Project("{FAE04EC0-301F-11D3-BF4B-00C04F79EFBC}") = "LocationTracker.Core", "LocationTracker.Core\LocationTracker.Core.csproj", "{67F9D3A8-F71E-4428-913F-C37AE82CDB24}"
EndProject
Project("{2150E333-8FDC-42A3-9474-1A3956D46DE8}") = "Solution Items", "Solution Items", "{CF48A57E-207D-47BC-AA6F-489B07871B79}"
	ProjectSection(SolutionItems) = preProject
		.gitignore = .gitignore
	EndProjectSection
EndProject
Global
	GlobalSection(SolutionConfigurationPlatforms) = preSolution
		Debug|Any CPU = Debug|Any CPU
		Release|Any CPU = Release|Any CPU
	EndGlobalSection
	GlobalSection(ProjectConfigurationPlatforms) = postSolution
		{EB31A099-3DC7-48D1-9658-781FF39060C0}.Debug|Any CPU.ActiveCfg = Debug|Any CPU
		{EB31A099-3DC7-48D1-9658-781FF39060C0}.Debug|Any CPU.Build.0 = Debug|Any CPU
		{EB31A099-3DC7-48D1-9658-781FF39060C0}.Debug|Any CPU.Deploy.0 = Debug|Any CPU
		{EB31A099-3DC7-48D1-9658-781FF39060C0}.Release|Any CPU.ActiveCfg = Release|Any CPU
		{EB31A099-3DC7-48D1-9658-781FF39060C0}.Release|Any CPU.Build.0 = Release|Any CPU
		{EB31A099-3DC7-48D1-9658-781FF39060C0}.Release|Any CPU.Deploy.0 = Release|Any CPU
		{67F9D3A8-F71E-4428-913F-C37AE82CDB24}.Debug|Any CPU.ActiveCfg = Debug|Any CPU
		{67F9D3A8-F71E-4428-913F-C37AE82CDB24}.Debug|Any CPU.Build.0 = Debug|Any CPU
		{67F9D3A8-F71E-4428-913F-C37AE82CDB24}.Release|Any CPU.ActiveCfg = Release|Any CPU
		{67F9D3A8-F71E-4428-913F-C37AE82CDB24}.Release|Any CPU.Build.0 = Release|Any CPU
	EndGlobalSection
	GlobalSection(SolutionProperties) = preSolution
		HideSolutionNode = FALSE
	EndGlobalSection
EndGlobal
